
Microsoft Visual Studio Solution File, Format Version 12.00
# Visual Studio Version 17
VisualStudioVersion = 17.0.31903.59
MinimumVisualStudioVersion = 10.0.40219.1
Project("{FAE04EC0-301F-11D3-BF4B-00C04F79EFBC}") = "Ekid.Domain", "src\Ekid.Domain\Ekid.Domain.csproj", "{EBDD985D-C71B-47CA-8587-ACB54FCBA5BD}"
EndProject
Project("{2150E333-8FDC-42A3-9474-1A3956D46DE8}") = "Api", "Api", "{0AFA23CE-FDA3-4E83-BF37-A119A929CF81}"
EndProject
Project("{FAE04EC0-301F-11D3-BF4B-00C04F79EFBC}") = "Ekid.Api", "src\Api\Ekid.Api\Ekid.Api.csproj", "{C1062D75-6FF5-4D0C-A025-2B61670FC424}"
EndProject
Project("{2150E333-8FDC-42A3-9474-1A3956D46DE8}") = "Infrastructure", "Infrastructure", "{A589EF2A-0F56-4F32-9B90-8C92DDC7D774}"
EndProject
Project("{FAE04EC0-301F-11D3-BF4B-00C04F79EFBC}") = "Ekid.Infrastructure", "src\Infrastructure\Ekid.Infrastructure\Ekid.Infrastructure.csproj", "{7B3716C1-7711-431B-80AD-3B6E19682852}"
EndProject
Project("{2150E333-8FDC-42A3-9474-1A3956D46DE8}") = "ResourcesManagement", "ResourcesManagement", "{F47ACDCD-F981-49E6-8ECD-D02A55161B52}"
EndProject
Project("{FAE04EC0-301F-11D3-BF4B-00C04F79EFBC}") = "Ekid.ResourcesManagement", "src\ResourcesManagement\Ekid.ResourcesManagement\Ekid.ResourcesManagement.csproj", "{9982663A-FF22-4FD5-8145-9F63FFF4FF8C}"
EndProject
Project("{FAE04EC0-301F-11D3-BF4B-00C04F79EFBC}") = "Ekid.ResourcesManagement.Api", "src\ResourcesManagement\Ekid.ResourcesManagement.Api\Ekid.ResourcesManagement.Api.csproj", "{195A3EC4-2198-43A4-B434-CF027F7B23F1}"
EndProject
Project("{FAE04EC0-301F-11D3-BF4B-00C04F79EFBC}") = "Ekid.ResourcesManagement.Contracts", "src\ResourcesManagement\Ekid.ResourcesManagement.Contracts\Ekid.ResourcesManagement.Contracts.csproj", "{E93EAB85-7262-4874-BDD8-4F161B7143CB}"
EndProject
Project("{2150E333-8FDC-42A3-9474-1A3956D46DE8}") = "Identity", "Identity", "{22D0D330-EE79-44AA-B1BE-97F30CCC99CF}"
EndProject
Project("{FAE04EC0-301F-11D3-BF4B-00C04F79EFBC}") = "Ekid.Identity", "src\Identity\Ekid.Identity\Ekid.Identity.csproj", "{7A4C047F-83DF-4F00-B48D-4E6A527ADBCC}"
EndProject
Project("{FAE04EC0-301F-11D3-BF4B-00C04F79EFBC}") = "Ekid.Infrastructure.Tests", "src\Infrastructure\Ekid.Infrastructure.Tests\Ekid.Infrastructure.Tests.csproj", "{1CE7C370-4E56-41F1-9A4D-6FE3376E65E8}"
EndProject
Project("{FAE04EC0-301F-11D3-BF4B-00C04F79EFBC}") = "Ekid.Identity.Api", "src\Identity\Ekid.Identity.Api\Ekid.Identity.Api.csproj", "{09174CA1-06DB-4550-9340-B065F0384C33}"
EndProject
Global
	GlobalSection(SolutionConfigurationPlatforms) = preSolution
		Debug|Any CPU = Debug|Any CPU
		Release|Any CPU = Release|Any CPU
	EndGlobalSection
	GlobalSection(SolutionProperties) = preSolution
		HideSolutionNode = FALSE
	EndGlobalSection
	GlobalSection(ProjectConfigurationPlatforms) = postSolution
		{EBDD985D-C71B-47CA-8587-ACB54FCBA5BD}.Debug|Any CPU.ActiveCfg = Debug|Any CPU
		{EBDD985D-C71B-47CA-8587-ACB54FCBA5BD}.Debug|Any CPU.Build.0 = Debug|Any CPU
		{EBDD985D-C71B-47CA-8587-ACB54FCBA5BD}.Release|Any CPU.ActiveCfg = Release|Any CPU
		{EBDD985D-C71B-47CA-8587-ACB54FCBA5BD}.Release|Any CPU.Build.0 = Release|Any CPU
		{C1062D75-6FF5-4D0C-A025-2B61670FC424}.Debug|Any CPU.ActiveCfg = Debug|Any CPU
		{C1062D75-6FF5-4D0C-A025-2B61670FC424}.Debug|Any CPU.Build.0 = Debug|Any CPU
		{C1062D75-6FF5-4D0C-A025-2B61670FC424}.Release|Any CPU.ActiveCfg = Release|Any CPU
		{C1062D75-6FF5-4D0C-A025-2B61670FC424}.Release|Any CPU.Build.0 = Release|Any CPU
		{7B3716C1-7711-431B-80AD-3B6E19682852}.Debug|Any CPU.ActiveCfg = Debug|Any CPU
		{7B3716C1-7711-431B-80AD-3B6E19682852}.Debug|Any CPU.Build.0 = Debug|Any CPU
		{7B3716C1-7711-431B-80AD-3B6E19682852}.Release|Any CPU.ActiveCfg = Release|Any CPU
		{7B3716C1-7711-431B-80AD-3B6E19682852}.Release|Any CPU.Build.0 = Release|Any CPU
		{9982663A-FF22-4FD5-8145-9F63FFF4FF8C}.Debug|Any CPU.ActiveCfg = Debug|Any CPU
		{9982663A-FF22-4FD5-8145-9F63FFF4FF8C}.Debug|Any CPU.Build.0 = Debug|Any CPU
		{9982663A-FF22-4FD5-8145-9F63FFF4FF8C}.Release|Any CPU.ActiveCfg = Release|Any CPU
		{9982663A-FF22-4FD5-8145-9F63FFF4FF8C}.Release|Any CPU.Build.0 = Release|Any CPU
		{195A3EC4-2198-43A4-B434-CF027F7B23F1}.Debug|Any CPU.ActiveCfg = Debug|Any CPU
		{195A3EC4-2198-43A4-B434-CF027F7B23F1}.Debug|Any CPU.Build.0 = Debug|Any CPU
		{195A3EC4-2198-43A4-B434-CF027F7B23F1}.Release|Any CPU.ActiveCfg = Release|Any CPU
		{195A3EC4-2198-43A4-B434-CF027F7B23F1}.Release|Any CPU.Build.0 = Release|Any CPU
		{E93EAB85-7262-4874-BDD8-4F161B7143CB}.Debug|Any CPU.ActiveCfg = Debug|Any CPU
		{E93EAB85-7262-4874-BDD8-4F161B7143CB}.Debug|Any CPU.Build.0 = Debug|Any CPU
		{E93EAB85-7262-4874-BDD8-4F161B7143CB}.Release|Any CPU.ActiveCfg = Release|Any CPU
		{E93EAB85-7262-4874-BDD8-4F161B7143CB}.Release|Any CPU.Build.0 = Release|Any CPU
		{7A4C047F-83DF-4F00-B48D-4E6A527ADBCC}.Debug|Any CPU.ActiveCfg = Debug|Any CPU
		{7A4C047F-83DF-4F00-B48D-4E6A527ADBCC}.Debug|Any CPU.Build.0 = Debug|Any CPU
		{7A4C047F-83DF-4F00-B48D-4E6A527ADBCC}.Release|Any CPU.ActiveCfg = Release|Any CPU
		{7A4C047F-83DF-4F00-B48D-4E6A527ADBCC}.Release|Any CPU.Build.0 = Release|Any CPU
		{1CE7C370-4E56-41F1-9A4D-6FE3376E65E8}.Debug|Any CPU.ActiveCfg = Debug|Any CPU
		{1CE7C370-4E56-41F1-9A4D-6FE3376E65E8}.Debug|Any CPU.Build.0 = Debug|Any CPU
		{1CE7C370-4E56-41F1-9A4D-6FE3376E65E8}.Release|Any CPU.ActiveCfg = Release|Any CPU
		{1CE7C370-4E56-41F1-9A4D-6FE3376E65E8}.Release|Any CPU.Build.0 = Release|Any CPU
		{09174CA1-06DB-4550-9340-B065F0384C33}.Debug|Any CPU.ActiveCfg = Debug|Any CPU
		{09174CA1-06DB-4550-9340-B065F0384C33}.Debug|Any CPU.Build.0 = Debug|Any CPU
		{09174CA1-06DB-4550-9340-B065F0384C33}.Release|Any CPU.ActiveCfg = Release|Any CPU
		{09174CA1-06DB-4550-9340-B065F0384C33}.Release|Any CPU.Build.0 = Release|Any CPU
	EndGlobalSection
	GlobalSection(NestedProjects) = preSolution
		{C1062D75-6FF5-4D0C-A025-2B61670FC424} = {0AFA23CE-FDA3-4E83-BF37-A119A929CF81}
		{7B3716C1-7711-431B-80AD-3B6E19682852} = {A589EF2A-0F56-4F32-9B90-8C92DDC7D774}
		{9982663A-FF22-4FD5-8145-9F63FFF4FF8C} = {F47ACDCD-F981-49E6-8ECD-D02A55161B52}
		{195A3EC4-2198-43A4-B434-CF027F7B23F1} = {F47ACDCD-F981-49E6-8ECD-D02A55161B52}
		{E93EAB85-7262-4874-BDD8-4F161B7143CB} = {F47ACDCD-F981-49E6-8ECD-D02A55161B52}
		{7A4C047F-83DF-4F00-B48D-4E6A527ADBCC} = {22D0D330-EE79-44AA-B1BE-97F30CCC99CF}
		{1CE7C370-4E56-41F1-9A4D-6FE3376E65E8} = {A589EF2A-0F56-4F32-9B90-8C92DDC7D774}
		{09174CA1-06DB-4550-9340-B065F0384C33} = {22D0D330-EE79-44AA-B1BE-97F30CCC99CF}
	EndGlobalSection
EndGlobal
